
Microsoft Visual Studio Solution File, Format Version 12.00
# Visual Studio Version 17
VisualStudioVersion = 17.9.34728.123
MinimumVisualStudioVersion = 10.0.40219.1
Project("{FAE04EC0-301F-11D3-BF4B-00C04F79EFBC}") = "ToolWindow", "ToolWindow\ToolWindow.csproj", "{378D8781-53CB-4B8C-AE6E-C2C1C88B18C1}"
EndProject
Global
	GlobalSection(SolutionConfigurationPlatforms) = preSolution
		Debug|Any CPU = Debug|Any CPU
		Debug|arm64 = Debug|arm64
		Debug|x86 = Debug|x86
		Release|Any CPU = Release|Any CPU
		Release|arm64 = Release|arm64
		Release|x86 = Release|x86
	EndGlobalSection
	GlobalSection(ProjectConfigurationPlatforms) = postSolution
		{378D8781-53CB-4B8C-AE6E-C2C1C88B18C1}.Debug|Any CPU.ActiveCfg = Debug|Any CPU
		{378D8781-53CB-4B8C-AE6E-C2C1C88B18C1}.Debug|Any CPU.Build.0 = Debug|Any CPU
		{378D8781-53CB-4B8C-AE6E-C2C1C88B18C1}.Debug|arm64.ActiveCfg = Debug|arm64
		{378D8781-53CB-4B8C-AE6E-C2C1C88B18C1}.Debug|arm64.Build.0 = Debug|arm64
		{378D8781-53CB-4B8C-AE6E-C2C1C88B18C1}.Debug|x86.ActiveCfg = Debug|x86
		{378D8781-53CB-4B8C-AE6E-C2C1C88B18C1}.Debug|x86.Build.0 = Debug|x86
		{378D8781-53CB-4B8C-AE6E-C2C1C88B18C1}.Release|Any CPU.ActiveCfg = Release|Any CPU
		{378D8781-53CB-4B8C-AE6E-C2C1C88B18C1}.Release|Any CPU.Build.0 = Release|Any CPU
		{378D8781-53CB-4B8C-AE6E-C2C1C88B18C1}.Release|arm64.ActiveCfg = Release|arm64
		{378D8781-53CB-4B8C-AE6E-C2C1C88B18C1}.Release|arm64.Build.0 = Release|arm64
		{378D8781-53CB-4B8C-AE6E-C2C1C88B18C1}.Release|x86.ActiveCfg = Release|x86
		{378D8781-53CB-4B8C-AE6E-C2C1C88B18C1}.Release|x86.Build.0 = Release|x86
	EndGlobalSection
	GlobalSection(SolutionProperties) = preSolution
		HideSolutionNode = FALSE
	EndGlobalSection
	GlobalSection(ExtensibilityGlobals) = postSolution
		SolutionGuid = {7D8E7A03-36AA-4610-A706-3B86705D744B}
	EndGlobalSection
EndGlobal
